// !$*UTF8*$!
{
	archiveVersion = 1;
	classes = {
	};
	objectVersion = 46;
	objects = {

/* Begin PBXBuildFile section */
		B51B410E1ED57C66002CE194 /* AppDelegate.swift in Sources */ = {isa = PBXBuildFile; fileRef = B51B410D1ED57C66002CE194 /* AppDelegate.swift */; };
		B51B41101ED57C66002CE194 /* ViewController.swift in Sources */ = {isa = PBXBuildFile; fileRef = B51B410F1ED57C66002CE194 /* ViewController.swift */; };
		B51B41131ED57C66002CE194 /* Main.storyboard in Resources */ = {isa = PBXBuildFile; fileRef = B51B41111ED57C66002CE194 /* Main.storyboard */; };
		B51B41151ED57C66002CE194 /* Assets.xcassets in Resources */ = {isa = PBXBuildFile; fileRef = B51B41141ED57C66002CE194 /* Assets.xcassets */; };
		B51B41181ED57C66002CE194 /* LaunchScreen.storyboard in Resources */ = {isa = PBXBuildFile; fileRef = B51B41161ED57C66002CE194 /* LaunchScreen.storyboard */; };
/* End PBXBuildFile section */

/* Begin PBXFileReference section */
		B51B410A1ED57C66002CE194 /* project38.app */ = {isa = PBXFileReference; explicitFileType = wrapper.application; includeInIndex = 0; path = project38.app; sourceTree = BUILT_PRODUCTS_DIR; };
		B51B410D1ED57C66002CE194 /* AppDelegate.swift */ = {isa = PBXFileReference; lastKnownFileType = sourcecode.swift; path = AppDelegate.swift; sourceTree = "<group>"; };
		B51B410F1ED57C66002CE194 /* ViewController.swift */ = {isa = PBXFileReference; lastKnownFileType = sourcecode.swift; path = ViewController.swift; sourceTree = "<group>"; };
		B51B41121ED57C66002CE194 /* Base */ = {isa = PBXFileReference; lastKnownFileType = file.storyboard; name = Base; path = Base.lproj/Main.storyboard; sourceTree = "<group>"; };
		B51B41141ED57C66002CE194 /* Assets.xcassets */ = {isa = PBXFileReference; lastKnownFileType = folder.assetcatalog; path = Assets.xcassets; sourceTree = "<group>"; };
		B51B41171ED57C66002CE194 /* Base */ = {isa = PBXFileReference; lastKnownFileType = file.storyboard; name = Base; path = Base.lproj/LaunchScreen.storyboard; sourceTree = "<group>"; };
		B51B41191ED57C66002CE194 /* Info.plist */ = {isa = PBXFileReference; lastKnownFileType = text.plist.xml; path = Info.plist; sourceTree = "<group>"; };
/* End PBXFileReference section */

/* Begin PBXFrameworksBuildPhase section */
		B51B41071ED57C66002CE194 /* Frameworks */ = {
			isa = PBXFrameworksBuildPhase;
			buildActionMask = 2147483647;
			files = (
			);
			runOnlyForDeploymentPostprocessing = 0;
		};
/* End PBXFrameworksBuildPhase section */

/* Begin PBXGroup section */
		B51B41011ED57C66002CE194 = {
			isa = PBXGroup;
			children = (
				B51B410C1ED57C66002CE194 /* project38 */,
				B51B410B1ED57C66002CE194 /* Products */,
			);
			sourceTree = "<group>";
		};
		B51B410B1ED57C66002CE194 /* Products */ = {
			isa = PBXGroup;
			children = (
				B51B410A1ED57C66002CE194 /* project38.app */,
			);
			name = Products;
			sourceTree = "<group>";
		};
		B51B410C1ED57C66002CE194 /* project38 */ = {
			isa = PBXGroup;
			children = (
				B51B410D1ED57C66002CE194 /* AppDelegate.swift */,
				B51B410F1ED57C66002CE194 /* ViewController.swift */,
				B51B41111ED57C66002CE194 /* Main.storyboard */,
				B51B41141ED57C66002CE194 /* Assets.xcassets */,
				B51B41161ED57C66002CE194 /* LaunchScreen.storyboard */,
				B51B41191ED57C66002CE194 /* Info.plist */,
			);
			path = project38;
			sourceTree = "<group>";
		};
/* End PBXGroup section */

/* Begin PBXNativeTarget section */
		B51B41091ED57C66002CE194 /* project38 */ = {
			isa = PBXNativeTarget;
			buildConfigurationList = B51B411C1ED57C66002CE194 /* Build configuration list for PBXNativeTarget "project38" */;
			buildPhases = (
				B51B41061ED57C66002CE194 /* Sources */,
				B51B41071ED57C66002CE194 /* Frameworks */,
				B51B41081ED57C66002CE194 /* Resources */,
			);
			buildRules = (
			);
			dependencies = (
			);
			name = project38;
			productName = project38;
			productReference = B51B410A1ED57C66002CE194 /* project38.app */;
			productType = "com.apple.product-type.application";
		};
/* End PBXNativeTarget section */

/* Begin PBXProject section */
		B51B41021ED57C66002CE194 /* Project object */ = {
			isa = PBXProject;
			attributes = {
				LastSwiftUpdateCheck = 0830;
				LastUpgradeCheck = 0830;
				ORGANIZATIONNAME = MarkiiimarK;
				TargetAttributes = {
					B51B41091ED57C66002CE194 = {
						CreatedOnToolsVersion = 8.3.2;
						DevelopmentTeam = 4896ZP32KP;
						ProvisioningStyle = Automatic;
					};
				};
			};
			buildConfigurationList = B51B41051ED57C66002CE194 /* Build configuration list for PBXProject "project38" */;
			compatibilityVersion = "Xcode 3.2";
			developmentRegion = English;
			hasScannedForEncodings = 0;
			knownRegions = (
				en,
				Base,
			);
			mainGroup = B51B41011ED57C66002CE194;
			productRefGroup = B51B410B1ED57C66002CE194 /* Products */;
			projectDirPath = "";
			projectRoot = "";
			targets = (
				B51B41091ED57C66002CE194 /* project38 */,
			);
		};
/* End PBXProject section */

/* Begin PBXResourcesBuildPhase section */
		B51B41081ED57C66002CE194 /* Resources */ = {
			isa = PBXResourcesBuildPhase;
			buildActionMask = 2147483647;
			files = (
				B51B41181ED57C66002CE194 /* LaunchScreen.storyboard in Resources */,
				B51B41151ED57C66002CE194 /* Assets.xcassets in Resources */,
				B51B41131ED57C66002CE194 /* Main.storyboard in Resources */,
			);
			runOnlyForDeploymentPostprocessing = 0;
		};
/* End PBXResourcesBuildPhase section */

/* Begin PBXSourcesBuildPhase section */
		B51B41061ED57C66002CE194 /* Sources */ = {
			isa = PBXSourcesBuildPhase;
			buildActionMask = 2147483647;
			files = (
				B51B41101ED57C66002CE194 /* ViewController.swift in Sources */,
				B51B410E1ED57C66002CE194 /* AppDelegate.swift in Sources */,
			);
			runOnlyForDeploymentPostprocessing = 0;
		};
/* End PBXSourcesBuildPhase section */

/* Begin PBXVariantGroup section */
		B51B41111ED57C66002CE194 /* Main.storyboard */ = {
			isa = PBXVariantGroup;
			children = (
				B51B41121ED57C66002CE194 /* Base */,
			);
			name = Main.storyboard;
			sourceTree = "<group>";
		};
		B51B41161ED57C66002CE194 /* LaunchScreen.storyboard */ = {
			isa = PBXVariantGroup;
			children = (
				B51B41171ED57C66002CE194 /* Base */,
			);
			name = LaunchScreen.storyboard;
			sourceTree = "<group>";
		};
/* End PBXVariantGroup section */

/* Begin XCBuildConfiguration section */
		B51B411A1ED57C66002CE194 /* Debug */ = {
			isa = XCBuildConfiguration;
			buildSettings = {
				ALWAYS_SEARCH_USER_PATHS = NO;
				CLANG_ANALYZER_NONNULL = YES;
				CLANG_ANALYZER_NUMBER_OBJECT_CONVERSION = YES_AGGRESSIVE;
				CLANG_CXX_LANGUAGE_STANDARD = "gnu++0x";
				CLANG_CXX_LIBRARY = "libc++";
				CLANG_ENABLE_MODULES = YES;
				CLANG_ENABLE_OBJC_ARC = YES;
				CLANG_WARN_BOOL_CONVERSION = YES;
				CLANG_WARN_CONSTANT_CONVERSION = YES;
				CLANG_WARN_DIRECT_OBJC_ISA_USAGE = YES_ERROR;
				CLANG_WARN_DOCUMENTATION_COMMENTS = YES;
				CLANG_WARN_EMPTY_BODY = YES;
				CLANG_WARN_ENUM_CONVERSION = YES;
				CLANG_WARN_INFINITE_RECURSION = YES;
				CLANG_WARN_INT_CONVERSION = YES;
				CLANG_WARN_OBJC_ROOT_CLASS = YES_ERROR;
				CLANG_WARN_SUSPICIOUS_MOVE = YES;
				CLANG_WARN_UNREACHABLE_CODE = YES;
				CLANG_WARN__DUPLICATE_METHOD_MATCH = YES;
				"CODE_SIGN_IDENTITY[sdk=iphoneos*]" = "iPhone Developer";
				COPY_PHASE_STRIP = NO;
				DEBUG_INFORMATION_FORMAT = dwarf;
				ENABLE_STRICT_OBJC_MSGSEND = YES;
				ENABLE_TESTABILITY = YES;
				GCC_C_LANGUAGE_STANDARD = gnu99;
				GCC_DYNAMIC_NO_PIC = NO;
				GCC_NO_COMMON_BLOCKS = YES;
				GCC_OPTIMIZATION_LEVEL = 0;
				GCC_PREPROCESSOR_DEFINITIONS = (
					"DEBUG=1",
					"$(inherited)",
				);
				GCC_WARN_64_TO_32_BIT_CONVERSION = YES;
				GCC_WARN_ABOUT_RETURN_TYPE = YES_ERROR;
				GCC_WARN_UNDECLARED_SELECTOR = YES;
				GCC_WARN_UNINITIALIZED_AUTOS = YES_AGGRESSIVE;
				GCC_WARN_UNUSED_FUNCTION = YES;
				GCC_WARN_UNUSED_VARIABLE = YES;
				IPHONEOS_DEPLOYMENT_TARGET = 10.3;
				MTL_ENABLE_DEBUG_INFO = YES;
				ONLY_ACTIVE_ARCH = YES;
				SDKROOT = iphoneos;
				SWIFT_ACTIVE_COMPILATION_CONDITIONS = DEBUG;
				SWIFT_OPTIMIZATION_LEVEL = "-Onone";
				TARGETED_DEVICE_FAMILY = "1,2";
			};
			name = Debug;
		};
		B51B411B1ED57C66002CE194 /* Release */ = {
			isa = XCBuildConfiguration;
			buildSettings = {
				ALWAYS_SEARCH_USER_PATHS = NO;
				CLANG_ANALYZER_NONNULL = YES;
				CLANG_ANALYZER_NUMBER_OBJECT_CONVERSION = YES_AGGRESSIVE;
				CLANG_CXX_LANGUAGE_STANDARD = "gnu++0x";
				CLANG_CXX_LIBRARY = "libc++";
				CLANG_ENABLE_MODULES = YES;
				CLANG_ENABLE_OBJC_ARC = YES;
				CLANG_WARN_BOOL_CONVERSION = YES;
				CLANG_WARN_CONSTANT_CONVERSION = YES;
				CLANG_WARN_DIRECT_OBJC_ISA_USAGE = YES_ERROR;
				CLANG_WARN_DOCUMENTATION_COMMENTS = YES;
				CLANG_WARN_EMPTY_BODY = YES;
				CLANG_WARN_ENUM_CONVERSION = YES;
				CLANG_WARN_INFINITE_RECURSION = YES;
				CLANG_WARN_INT_CONVERSION = YES;
				CLANG_WARN_OBJC_ROOT_CLASS = YES_ERROR;
				CLANG_WARN_SUSPICIOUS_MOVE = YES;
				CLANG_WARN_UNREACHABLE_CODE = YES;
				CLANG_WARN__DUPLICATE_METHOD_MATCH = YES;
				"CODE_SIGN_IDENTITY[sdk=iphoneos*]" = "iPhone Developer";
				COPY_PHASE_STRIP = NO;
				DEBUG_INFORMATION_FORMAT = "dwarf-with-dsym";
				ENABLE_NS_ASSERTIONS = NO;
				ENABLE_STRICT_OBJC_MSGSEND = YES;
				GCC_C_LANGUAGE_STANDARD = gnu99;
				GCC_NO_COMMON_BLOCKS = YES;
				GCC_WARN_64_TO_32_BIT_CONVERSION = YES;
				GCC_WARN_ABOUT_RETURN_TYPE = YES_ERROR;
				GCC_WARN_UNDECLARED_SELECTOR = YES;
				GCC_WARN_UNINITIALIZED_AUTOS = YES_AGGRESSIVE;
				GCC_WARN_UNUSED_FUNCTION = YES;
				GCC_WARN_UNUSED_VARIABLE = YES;
				IPHONEOS_DEPLOYMENT_TARGET = 10.3;
				MTL_ENABLE_DEBUG_INFO = NO;
				SDKROOT = iphoneos;
				SWIFT_OPTIMIZATION_LEVEL = "-Owholemodule";
				TARGETED_DEVICE_FAMILY = "1,2";
				VALIDATE_PRODUCT = YES;
			};
			name = Release;
		};
		B51B411D1ED57C66002CE194 /* Debug */ = {
			isa = XCBuildConfiguration;
			buildSettings = {
				ASSETCATALOG_COMPILER_APPICON_NAME = AppIcon;
				DEVELOPMENT_TEAM = 4896ZP32KP;
				INFOPLIST_FILE = project38/Info.plist;
				LD_RUNPATH_SEARCH_PATHS = "$(inherited) @executable_path/Frameworks";
				PRODUCT_BUNDLE_IDENTIFIER = com.MarkiiimarK.project38;
				PRODUCT_NAME = "$(TARGET_NAME)";
				SWIFT_VERSION = 3.0;
			};
			name = Debug;
		};
		B51B411E1ED57C66002CE194 /* Release */ = {
			isa = XCBuildConfiguration;
			buildSettings = {
				ASSETCATALOG_COMPILER_APPICON_NAME = AppIcon;
				DEVELOPMENT_TEAM = 4896ZP32KP;
				INFOPLIST_FILE = project38/Info.plist;
				LD_RUNPATH_SEARCH_PATHS = "$(inherited) @executable_path/Frameworks";
				PRODUCT_BUNDLE_IDENTIFIER = com.MarkiiimarK.project38;
				PRODUCT_NAME = "$(TARGET_NAME)";
				SWIFT_VERSION = 3.0;
			};
			name = Release;
		};
/* End XCBuildConfiguration section */

/* Begin XCConfigurationList section */
		B51B41051ED57C66002CE194 /* Build configuration list for PBXProject "project38" */ = {
			isa = XCConfigurationList;
			buildConfigurations = (
				B51B411A1ED57C66002CE194 /* Debug */,
				B51B411B1ED57C66002CE194 /* Release */,
			);
			defaultConfigurationIsVisible = 0;
			defaultConfigurationName = Release;
		};
		B51B411C1ED57C66002CE194 /* Build configuration list for PBXNativeTarget "project38" */ = {
			isa = XCConfigurationList;
			buildConfigurations = (
				B51B411D1ED57C66002CE194 /* Debug */,
				B51B411E1ED57C66002CE194 /* Release */,
			);
			defaultConfigurationIsVisible = 0;
		};
/* End XCConfigurationList section */
	};
	rootObject = B51B41021ED57C66002CE194 /* Project object */;
}
